
Microsoft Visual Studio Solution File, Format Version 12.00
# Visual Studio Version 17
VisualStudioVersion = 17.0.31903.59
MinimumVisualStudioVersion = 10.0.40219.1
Project("{FAE04EC0-301F-11D3-BF4B-00C04F79EFBC}") = "Api", "Api\Api.csproj", "{CD51604B-C859-4740-BF70-5F25B7EB341B}"
EndProject
Project("{FAE04EC0-301F-11D3-BF4B-00C04F79EFBC}") = "Contracts", "Contracts\Contracts.csproj", "{54755C4F-6B79-4EF4-B6CE-B144ADF8F879}"
EndProject
Project("{FAE04EC0-301F-11D3-BF4B-00C04F79EFBC}") = "LoggerService", "LoggerService\LoggerService.csproj", "{DD6614DB-EBC4-45DB-990A-A76EC4DD3DCF}"
EndProject
Project("{FAE04EC0-301F-11D3-BF4B-00C04F79EFBC}") = "Entities", "Entities\Entities.csproj", "{93EEA902-1939-45D4-849B-F4CDE225DE78}"
EndProject
Project("{FAE04EC0-301F-11D3-BF4B-00C04F79EFBC}") = "Repository", "Repository\Repository.csproj", "{EA10AD58-9FFE-455C-AFA4-81A23AC37E83}"
EndProject
Project("{FAE04EC0-301F-11D3-BF4B-00C04F79EFBC}") = "Service.Contracts", "Service.Contracts\Service.Contracts.csproj", "{EBAE4D82-F297-4BF5-93D4-B378DB3BDF4C}"
EndProject
Project("{FAE04EC0-301F-11D3-BF4B-00C04F79EFBC}") = "Service", "Service\Service.csproj", "{AC2ACC1F-5FF7-4CE0-AB39-1C7AC7660835}"
EndProject
Global
	GlobalSection(SolutionConfigurationPlatforms) = preSolution
		Debug|Any CPU = Debug|Any CPU
		Release|Any CPU = Release|Any CPU
	EndGlobalSection
	GlobalSection(SolutionProperties) = preSolution
		HideSolutionNode = FALSE
	EndGlobalSection
	GlobalSection(ProjectConfigurationPlatforms) = postSolution
		{CD51604B-C859-4740-BF70-5F25B7EB341B}.Debug|Any CPU.ActiveCfg = Debug|Any CPU
		{CD51604B-C859-4740-BF70-5F25B7EB341B}.Debug|Any CPU.Build.0 = Debug|Any CPU
		{CD51604B-C859-4740-BF70-5F25B7EB341B}.Release|Any CPU.ActiveCfg = Release|Any CPU
		{CD51604B-C859-4740-BF70-5F25B7EB341B}.Release|Any CPU.Build.0 = Release|Any CPU
		{54755C4F-6B79-4EF4-B6CE-B144ADF8F879}.Debug|Any CPU.ActiveCfg = Debug|Any CPU
		{54755C4F-6B79-4EF4-B6CE-B144ADF8F879}.Debug|Any CPU.Build.0 = Debug|Any CPU
		{54755C4F-6B79-4EF4-B6CE-B144ADF8F879}.Release|Any CPU.ActiveCfg = Release|Any CPU
		{54755C4F-6B79-4EF4-B6CE-B144ADF8F879}.Release|Any CPU.Build.0 = Release|Any CPU
		{DD6614DB-EBC4-45DB-990A-A76EC4DD3DCF}.Debug|Any CPU.ActiveCfg = Debug|Any CPU
		{DD6614DB-EBC4-45DB-990A-A76EC4DD3DCF}.Debug|Any CPU.Build.0 = Debug|Any CPU
		{DD6614DB-EBC4-45DB-990A-A76EC4DD3DCF}.Release|Any CPU.ActiveCfg = Release|Any CPU
		{DD6614DB-EBC4-45DB-990A-A76EC4DD3DCF}.Release|Any CPU.Build.0 = Release|Any CPU
		{93EEA902-1939-45D4-849B-F4CDE225DE78}.Debug|Any CPU.ActiveCfg = Debug|Any CPU
		{93EEA902-1939-45D4-849B-F4CDE225DE78}.Debug|Any CPU.Build.0 = Debug|Any CPU
		{93EEA902-1939-45D4-849B-F4CDE225DE78}.Release|Any CPU.ActiveCfg = Release|Any CPU
		{93EEA902-1939-45D4-849B-F4CDE225DE78}.Release|Any CPU.Build.0 = Release|Any CPU
		{EA10AD58-9FFE-455C-AFA4-81A23AC37E83}.Debug|Any CPU.ActiveCfg = Debug|Any CPU
		{EA10AD58-9FFE-455C-AFA4-81A23AC37E83}.Debug|Any CPU.Build.0 = Debug|Any CPU
		{EA10AD58-9FFE-455C-AFA4-81A23AC37E83}.Release|Any CPU.ActiveCfg = Release|Any CPU
		{EA10AD58-9FFE-455C-AFA4-81A23AC37E83}.Release|Any CPU.Build.0 = Release|Any CPU
		{EBAE4D82-F297-4BF5-93D4-B378DB3BDF4C}.Debug|Any CPU.ActiveCfg = Debug|Any CPU
		{EBAE4D82-F297-4BF5-93D4-B378DB3BDF4C}.Debug|Any CPU.Build.0 = Debug|Any CPU
		{EBAE4D82-F297-4BF5-93D4-B378DB3BDF4C}.Release|Any CPU.ActiveCfg = Release|Any CPU
		{EBAE4D82-F297-4BF5-93D4-B378DB3BDF4C}.Release|Any CPU.Build.0 = Release|Any CPU
		{AC2ACC1F-5FF7-4CE0-AB39-1C7AC7660835}.Debug|Any CPU.ActiveCfg = Debug|Any CPU
		{AC2ACC1F-5FF7-4CE0-AB39-1C7AC7660835}.Debug|Any CPU.Build.0 = Debug|Any CPU
		{AC2ACC1F-5FF7-4CE0-AB39-1C7AC7660835}.Release|Any CPU.ActiveCfg = Release|Any CPU
		{AC2ACC1F-5FF7-4CE0-AB39-1C7AC7660835}.Release|Any CPU.Build.0 = Release|Any CPU
	EndGlobalSection
EndGlobal
